// !$*UTF8*$!
{
	archiveVersion = 1;
	classes = {
	};
	objectVersion = 46;
	objects = {

/* Begin PBXBuildFile section */
		9E99DD1A19DB36C000A40951 /* Foundation.framework in Frameworks */ = {isa = PBXBuildFile; fileRef = 9E99DD1919DB36C000A40951 /* Foundation.framework */; };
		9E99DD1C19DB36C000A40951 /* CoreGraphics.framework in Frameworks */ = {isa = PBXBuildFile; fileRef = 9E99DD1B19DB36C000A40951 /* CoreGraphics.framework */; };
		9E99DD1E19DB36C000A40951 /* UIKit.framework in Frameworks */ = {isa = PBXBuildFile; fileRef = 9E99DD1D19DB36C000A40951 /* UIKit.framework */; };
		9E99DD2419DB36C000A40951 /* InfoPlist.strings in Resources */ = {isa = PBXBuildFile; fileRef = 9E99DD2219DB36C000A40951 /* InfoPlist.strings */; };
		9E99DD2619DB36C000A40951 /* main.m in Sources */ = {isa = PBXBuildFile; fileRef = 9E99DD2519DB36C000A40951 /* main.m */; };
		9E99DD2A19DB36C000A40951 /* AppDelegate.m in Sources */ = {isa = PBXBuildFile; fileRef = 9E99DD2919DB36C000A40951 /* AppDelegate.m */; };
		9E99DD2D19DB36C000A40951 /* Main.storyboard in Resources */ = {isa = PBXBuildFile; fileRef = 9E99DD2B19DB36C000A40951 /* Main.storyboard */; };
		9E99DD3019DB36C000A40951 /* ViewController.m in Sources */ = {isa = PBXBuildFile; fileRef = 9E99DD2F19DB36C000A40951 /* ViewController.m */; };
		9E99DD3219DB36C000A40951 /* Images.xcassets in Resources */ = {isa = PBXBuildFile; fileRef = 9E99DD3119DB36C000A40951 /* Images.xcassets */; };
		9E99DD3919DB36C000A40951 /* XCTest.framework in Frameworks */ = {isa = PBXBuildFile; fileRef = 9E99DD3819DB36C000A40951 /* XCTest.framework */; };
		9E99DD3A19DB36C000A40951 /* Foundation.framework in Frameworks */ = {isa = PBXBuildFile; fileRef = 9E99DD1919DB36C000A40951 /* Foundation.framework */; };
		9E99DD3B19DB36C000A40951 /* UIKit.framework in Frameworks */ = {isa = PBXBuildFile; fileRef = 9E99DD1D19DB36C000A40951 /* UIKit.framework */; };
		9E99DD4319DB36C000A40951 /* InfoPlist.strings in Resources */ = {isa = PBXBuildFile; fileRef = 9E99DD4119DB36C000A40951 /* InfoPlist.strings */; };
		9E99DD4519DB36C000A40951 /* ConfessTests.m in Sources */ = {isa = PBXBuildFile; fileRef = 9E99DD4419DB36C000A40951 /* ConfessTests.m */; };
		9E99DD4F19DB374600A40951 /* Icondemo.png in Resources */ = {isa = PBXBuildFile; fileRef = 9E99DD4E19DB374600A40951 /* Icondemo.png */; };
		9E99DD5119DB37E400A40951 /* FacebookSDK.framework in Frameworks */ = {isa = PBXBuildFile; fileRef = 9E99DD5019DB37E400A40951 /* FacebookSDK.framework */; };
		9EE9A50019DDEE04002AD3CB /* FriendsTab.m in Sources */ = {isa = PBXBuildFile; fileRef = 9EE9A4FF19DDEE04002AD3CB /* FriendsTab.m */; };
		9EE9A50219DDF910002AD3CB /* Facebook_logo_(square).png in Resources */ = {isa = PBXBuildFile; fileRef = 9EE9A50119DDF910002AD3CB /* Facebook_logo_(square).png */; };
		9EE9A50419DDF96B002AD3CB /* Telefono.png in Resources */ = {isa = PBXBuildFile; fileRef = 9EE9A50319DDF96B002AD3CB /* Telefono.png */; };
		9EE9A50A19DE9A4E002AD3CB /* MeTab.m in Sources */ = {isa = PBXBuildFile; fileRef = 9EE9A50919DE9A4E002AD3CB /* MeTab.m */; };
		9EE9A50D19DE9A65002AD3CB /* SettingsTab.m in Sources */ = {isa = PBXBuildFile; fileRef = 9EE9A50C19DE9A65002AD3CB /* SettingsTab.m */; };
		9EE9A51119DEB14C002AD3CB /* TabController.m in Sources */ = {isa = PBXBuildFile; fileRef = 9EE9A51019DEB14C002AD3CB /* TabController.m */; };
		9EE9A51719DF09EF002AD3CB /* ConfessView.m in Sources */ = {isa = PBXBuildFile; fileRef = 9EE9A51619DF09EF002AD3CB /* ConfessView.m */; };
		9EE9A51A19E03305002AD3CB /* NavigationController.m in Sources */ = {isa = PBXBuildFile; fileRef = 9EE9A51919E03305002AD3CB /* NavigationController.m */; };
		9EE9A51D19E0384D002AD3CB /* SearchFacebook.m in Sources */ = {isa = PBXBuildFile; fileRef = 9EE9A51C19E0384D002AD3CB /* SearchFacebook.m */; };
/* End PBXBuildFile section */

/* Begin PBXContainerItemProxy section */
		9E99DD3C19DB36C000A40951 /* PBXContainerItemProxy */ = {
			isa = PBXContainerItemProxy;
			containerPortal = 9E99DD0E19DB36C000A40951 /* Project object */;
			proxyType = 1;
			remoteGlobalIDString = 9E99DD1519DB36C000A40951;
			remoteInfo = Confess;
		};
/* End PBXContainerItemProxy section */

/* Begin PBXFileReference section */
		9E99DD1619DB36C000A40951 /* Confess.app */ = {isa = PBXFileReference; explicitFileType = wrapper.application; includeInIndex = 0; path = Confess.app; sourceTree = BUILT_PRODUCTS_DIR; };
		9E99DD1919DB36C000A40951 /* Foundation.framework */ = {isa = PBXFileReference; lastKnownFileType = wrapper.framework; name = Foundation.framework; path = System/Library/Frameworks/Foundation.framework; sourceTree = SDKROOT; };
		9E99DD1B19DB36C000A40951 /* CoreGraphics.framework */ = {isa = PBXFileReference; lastKnownFileType = wrapper.framework; name = CoreGraphics.framework; path = System/Library/Frameworks/CoreGraphics.framework; sourceTree = SDKROOT; };
		9E99DD1D19DB36C000A40951 /* UIKit.framework */ = {isa = PBXFileReference; lastKnownFileType = wrapper.framework; name = UIKit.framework; path = System/Library/Frameworks/UIKit.framework; sourceTree = SDKROOT; };
		9E99DD2119DB36C000A40951 /* Confess-Info.plist */ = {isa = PBXFileReference; lastKnownFileType = text.plist.xml; path = "Confess-Info.plist"; sourceTree = "<group>"; };
		9E99DD2319DB36C000A40951 /* en */ = {isa = PBXFileReference; lastKnownFileType = text.plist.strings; name = en; path = en.lproj/InfoPlist.strings; sourceTree = "<group>"; };
		9E99DD2519DB36C000A40951 /* main.m */ = {isa = PBXFileReference; lastKnownFileType = sourcecode.c.objc; path = main.m; sourceTree = "<group>"; };
		9E99DD2719DB36C000A40951 /* Confess-Prefix.pch */ = {isa = PBXFileReference; lastKnownFileType = sourcecode.c.h; path = "Confess-Prefix.pch"; sourceTree = "<group>"; };
		9E99DD2819DB36C000A40951 /* AppDelegate.h */ = {isa = PBXFileReference; lastKnownFileType = sourcecode.c.h; path = AppDelegate.h; sourceTree = "<group>"; };
		9E99DD2919DB36C000A40951 /* AppDelegate.m */ = {isa = PBXFileReference; lastKnownFileType = sourcecode.c.objc; path = AppDelegate.m; sourceTree = "<group>"; };
		9E99DD2C19DB36C000A40951 /* Base */ = {isa = PBXFileReference; lastKnownFileType = file.storyboard; name = Base; path = Base.lproj/Main.storyboard; sourceTree = "<group>"; };
		9E99DD2E19DB36C000A40951 /* ViewController.h */ = {isa = PBXFileReference; lastKnownFileType = sourcecode.c.h; path = ViewController.h; sourceTree = "<group>"; };
		9E99DD2F19DB36C000A40951 /* ViewController.m */ = {isa = PBXFileReference; lastKnownFileType = sourcecode.c.objc; path = ViewController.m; sourceTree = "<group>"; };
		9E99DD3119DB36C000A40951 /* Images.xcassets */ = {isa = PBXFileReference; lastKnownFileType = folder.assetcatalog; path = Images.xcassets; sourceTree = "<group>"; };
		9E99DD3719DB36C000A40951 /* ConfessTests.xctest */ = {isa = PBXFileReference; explicitFileType = wrapper.cfbundle; includeInIndex = 0; path = ConfessTests.xctest; sourceTree = BUILT_PRODUCTS_DIR; };
		9E99DD3819DB36C000A40951 /* XCTest.framework */ = {isa = PBXFileReference; lastKnownFileType = wrapper.framework; name = XCTest.framework; path = Library/Frameworks/XCTest.framework; sourceTree = DEVELOPER_DIR; };
		9E99DD4019DB36C000A40951 /* ConfessTests-Info.plist */ = {isa = PBXFileReference; lastKnownFileType = text.plist.xml; path = "ConfessTests-Info.plist"; sourceTree = "<group>"; };
		9E99DD4219DB36C000A40951 /* en */ = {isa = PBXFileReference; lastKnownFileType = text.plist.strings; name = en; path = en.lproj/InfoPlist.strings; sourceTree = "<group>"; };
		9E99DD4419DB36C000A40951 /* ConfessTests.m */ = {isa = PBXFileReference; lastKnownFileType = sourcecode.c.objc; path = ConfessTests.m; sourceTree = "<group>"; };
		9E99DD4E19DB374600A40951 /* Icondemo.png */ = {isa = PBXFileReference; lastKnownFileType = image.png; name = Icondemo.png; path = ../../Icondemo.png; sourceTree = "<group>"; };
		9E99DD5019DB37E400A40951 /* FacebookSDK.framework */ = {isa = PBXFileReference; lastKnownFileType = wrapper.framework; path = FacebookSDK.framework; sourceTree = "<group>"; };
		9EE9A4FE19DDEE04002AD3CB /* FriendsTab.h */ = {isa = PBXFileReference; fileEncoding = 4; lastKnownFileType = sourcecode.c.h; path = FriendsTab.h; sourceTree = "<group>"; };
		9EE9A4FF19DDEE04002AD3CB /* FriendsTab.m */ = {isa = PBXFileReference; fileEncoding = 4; lastKnownFileType = sourcecode.c.objc; path = FriendsTab.m; sourceTree = "<group>"; };
		9EE9A50119DDF910002AD3CB /* Facebook_logo_(square).png */ = {isa = PBXFileReference; lastKnownFileType = image.png; path = "Facebook_logo_(square).png"; sourceTree = "<group>"; };
		9EE9A50319DDF96B002AD3CB /* Telefono.png */ = {isa = PBXFileReference; lastKnownFileType = image.png; path = Telefono.png; sourceTree = "<group>"; };
		9EE9A50819DE9A4E002AD3CB /* MeTab.h */ = {isa = PBXFileReference; fileEncoding = 4; lastKnownFileType = sourcecode.c.h; path = MeTab.h; sourceTree = "<group>"; };
		9EE9A50919DE9A4E002AD3CB /* MeTab.m */ = {isa = PBXFileReference; fileEncoding = 4; lastKnownFileType = sourcecode.c.objc; path = MeTab.m; sourceTree = "<group>"; };
		9EE9A50B19DE9A65002AD3CB /* SettingsTab.h */ = {isa = PBXFileReference; fileEncoding = 4; lastKnownFileType = sourcecode.c.h; path = SettingsTab.h; sourceTree = "<group>"; };
		9EE9A50C19DE9A65002AD3CB /* SettingsTab.m */ = {isa = PBXFileReference; fileEncoding = 4; lastKnownFileType = sourcecode.c.objc; path = SettingsTab.m; sourceTree = "<group>"; };
		9EE9A50F19DEB14C002AD3CB /* TabController.h */ = {isa = PBXFileReference; fileEncoding = 4; lastKnownFileType = sourcecode.c.h; path = TabController.h; sourceTree = "<group>"; };
		9EE9A51019DEB14C002AD3CB /* TabController.m */ = {isa = PBXFileReference; fileEncoding = 4; lastKnownFileType = sourcecode.c.objc; path = TabController.m; sourceTree = "<group>"; };
		9EE9A51519DF09EF002AD3CB /* ConfessView.h */ = {isa = PBXFileReference; fileEncoding = 4; lastKnownFileType = sourcecode.c.h; path = ConfessView.h; sourceTree = "<group>"; };
		9EE9A51619DF09EF002AD3CB /* ConfessView.m */ = {isa = PBXFileReference; fileEncoding = 4; lastKnownFileType = sourcecode.c.objc; path = ConfessView.m; sourceTree = "<group>"; };
		9EE9A51819E03304002AD3CB /* NavigationController.h */ = {isa = PBXFileReference; fileEncoding = 4; lastKnownFileType = sourcecode.c.h; name = NavigationController.h; path = ../NavigationController.h; sourceTree = "<group>"; };
		9EE9A51919E03305002AD3CB /* NavigationController.m */ = {isa = PBXFileReference; fileEncoding = 4; lastKnownFileType = sourcecode.c.objc; name = NavigationController.m; path = ../NavigationController.m; sourceTree = "<group>"; };
		9EE9A51B19E0384D002AD3CB /* SearchFacebook.h */ = {isa = PBXFileReference; fileEncoding = 4; lastKnownFileType = sourcecode.c.h; name = SearchFacebook.h; path = ../SearchFacebook.h; sourceTree = "<group>"; };
		9EE9A51C19E0384D002AD3CB /* SearchFacebook.m */ = {isa = PBXFileReference; fileEncoding = 4; lastKnownFileType = sourcecode.c.objc; name = SearchFacebook.m; path = ../SearchFacebook.m; sourceTree = "<group>"; };
/* End PBXFileReference section */

/* Begin PBXFrameworksBuildPhase section */
		9E99DD1319DB36C000A40951 /* Frameworks */ = {
			isa = PBXFrameworksBuildPhase;
			buildActionMask = 2147483647;
			files = (
				9E99DD1C19DB36C000A40951 /* CoreGraphics.framework in Frameworks */,
				9E99DD5119DB37E400A40951 /* FacebookSDK.framework in Frameworks */,
				9E99DD1E19DB36C000A40951 /* UIKit.framework in Frameworks */,
				9E99DD1A19DB36C000A40951 /* Foundation.framework in Frameworks */,
			);
			runOnlyForDeploymentPostprocessing = 0;
		};
		9E99DD3419DB36C000A40951 /* Frameworks */ = {
			isa = PBXFrameworksBuildPhase;
			buildActionMask = 2147483647;
			files = (
				9E99DD3919DB36C000A40951 /* XCTest.framework in Frameworks */,
				9E99DD3B19DB36C000A40951 /* UIKit.framework in Frameworks */,
				9E99DD3A19DB36C000A40951 /* Foundation.framework in Frameworks */,
			);
			runOnlyForDeploymentPostprocessing = 0;
		};
/* End PBXFrameworksBuildPhase section */

/* Begin PBXGroup section */
		9E99DD0D19DB36C000A40951 = {
			isa = PBXGroup;
			children = (
				9E99DD1F19DB36C000A40951 /* Confess */,
				9E99DD3E19DB36C000A40951 /* ConfessTests */,
				9E99DD1819DB36C000A40951 /* Frameworks */,
				9E99DD1719DB36C000A40951 /* Products */,
			);
			sourceTree = "<group>";
		};
		9E99DD1719DB36C000A40951 /* Products */ = {
			isa = PBXGroup;
			children = (
				9E99DD1619DB36C000A40951 /* Confess.app */,
				9E99DD3719DB36C000A40951 /* ConfessTests.xctest */,
			);
			name = Products;
			sourceTree = "<group>";
		};
		9E99DD1819DB36C000A40951 /* Frameworks */ = {
			isa = PBXGroup;
			children = (
				9E99DD5019DB37E400A40951 /* FacebookSDK.framework */,
				9E99DD1919DB36C000A40951 /* Foundation.framework */,
				9E99DD1B19DB36C000A40951 /* CoreGraphics.framework */,
				9E99DD1D19DB36C000A40951 /* UIKit.framework */,
				9E99DD3819DB36C000A40951 /* XCTest.framework */,
			);
			name = Frameworks;
			sourceTree = "<group>";
		};
		9E99DD1F19DB36C000A40951 /* Confess */ = {
			isa = PBXGroup;
			children = (
				9EE9A50E19DE9DA0002AD3CB /* Images */,
				9EE9A51B19E0384D002AD3CB /* SearchFacebook.h */,
				9EE9A51C19E0384D002AD3CB /* SearchFacebook.m */,
				9EE9A51819E03304002AD3CB /* NavigationController.h */,
				9EE9A51919E03305002AD3CB /* NavigationController.m */,
				9EE9A50319DDF96B002AD3CB /* Telefono.png */,
				9EE9A50F19DEB14C002AD3CB /* TabController.h */,
				9EE9A51019DEB14C002AD3CB /* TabController.m */,
				9EE9A50119DDF910002AD3CB /* Facebook_logo_(square).png */,
				9E99DD4E19DB374600A40951 /* Icondemo.png */,
				9E99DD2819DB36C000A40951 /* AppDelegate.h */,
				9E99DD2919DB36C000A40951 /* AppDelegate.m */,
				9E99DD2B19DB36C000A40951 /* Main.storyboard */,
				9E99DD2E19DB36C000A40951 /* ViewController.h */,
				9E99DD2F19DB36C000A40951 /* ViewController.m */,
				9E99DD3119DB36C000A40951 /* Images.xcassets */,
				9E99DD2019DB36C000A40951 /* Supporting Files */,
				9EE9A4FE19DDEE04002AD3CB /* FriendsTab.h */,
				9EE9A4FF19DDEE04002AD3CB /* FriendsTab.m */,
				9EE9A50819DE9A4E002AD3CB /* MeTab.h */,
				9EE9A50919DE9A4E002AD3CB /* MeTab.m */,
				9EE9A50B19DE9A65002AD3CB /* SettingsTab.h */,
				9EE9A50C19DE9A65002AD3CB /* SettingsTab.m */,
				9EE9A51519DF09EF002AD3CB /* ConfessView.h */,
				9EE9A51619DF09EF002AD3CB /* ConfessView.m */,
			);
			path = Confess;
			sourceTree = "<group>";
		};
		9E99DD2019DB36C000A40951 /* Supporting Files */ = {
			isa = PBXGroup;
			children = (
				9E99DD2119DB36C000A40951 /* Confess-Info.plist */,
				9E99DD2219DB36C000A40951 /* InfoPlist.strings */,
				9E99DD2519DB36C000A40951 /* main.m */,
				9E99DD2719DB36C000A40951 /* Confess-Prefix.pch */,
			);
			name = "Supporting Files";
			sourceTree = "<group>";
		};
		9E99DD3E19DB36C000A40951 /* ConfessTests */ = {
			isa = PBXGroup;
			children = (
				9E99DD4419DB36C000A40951 /* ConfessTests.m */,
				9E99DD3F19DB36C000A40951 /* Supporting Files */,
			);
			path = ConfessTests;
			sourceTree = "<group>";
		};
		9E99DD3F19DB36C000A40951 /* Supporting Files */ = {
			isa = PBXGroup;
			children = (
				9E99DD4019DB36C000A40951 /* ConfessTests-Info.plist */,
				9E99DD4119DB36C000A40951 /* InfoPlist.strings */,
			);
			name = "Supporting Files";
			sourceTree = "<group>";
		};
		9EE9A50E19DE9DA0002AD3CB /* Images */ = {
			isa = PBXGroup;
			children = (
			);
			name = Images;
			sourceTree = "<group>";
		};
/* End PBXGroup section */

/* Begin PBXNativeTarget section */
		9E99DD1519DB36C000A40951 /* Confess */ = {
			isa = PBXNativeTarget;
			buildConfigurationList = 9E99DD4819DB36C000A40951 /* Build configuration list for PBXNativeTarget "Confess" */;
			buildPhases = (
				9E99DD1219DB36C000A40951 /* Sources */,
				9E99DD1319DB36C000A40951 /* Frameworks */,
				9E99DD1419DB36C000A40951 /* Resources */,
			);
			buildRules = (
			);
			dependencies = (
			);
			name = Confess;
			productName = Confess;
			productReference = 9E99DD1619DB36C000A40951 /* Confess.app */;
			productType = "com.apple.product-type.application";
		};
		9E99DD3619DB36C000A40951 /* ConfessTests */ = {
			isa = PBXNativeTarget;
			buildConfigurationList = 9E99DD4B19DB36C000A40951 /* Build configuration list for PBXNativeTarget "ConfessTests" */;
			buildPhases = (
				9E99DD3319DB36C000A40951 /* Sources */,
				9E99DD3419DB36C000A40951 /* Frameworks */,
				9E99DD3519DB36C000A40951 /* Resources */,
			);
			buildRules = (
			);
			dependencies = (
				9E99DD3D19DB36C000A40951 /* PBXTargetDependency */,
			);
			name = ConfessTests;
			productName = ConfessTests;
			productReference = 9E99DD3719DB36C000A40951 /* ConfessTests.xctest */;
			productType = "com.apple.product-type.bundle.unit-test";
		};
/* End PBXNativeTarget section */

/* Begin PBXProject section */
		9E99DD0E19DB36C000A40951 /* Project object */ = {
			isa = PBXProject;
			attributes = {
				LastUpgradeCheck = 0510;
				ORGANIZATIONNAME = "Noga badhav";
				TargetAttributes = {
					9E99DD3619DB36C000A40951 = {
						TestTargetID = 9E99DD1519DB36C000A40951;
					};
				};
			};
			buildConfigurationList = 9E99DD1119DB36C000A40951 /* Build configuration list for PBXProject "Confess" */;
			compatibilityVersion = "Xcode 3.2";
			developmentRegion = English;
			hasScannedForEncodings = 0;
			knownRegions = (
				en,
				Base,
			);
			mainGroup = 9E99DD0D19DB36C000A40951;
			productRefGroup = 9E99DD1719DB36C000A40951 /* Products */;
			projectDirPath = "";
			projectRoot = "";
			targets = (
				9E99DD1519DB36C000A40951 /* Confess */,
				9E99DD3619DB36C000A40951 /* ConfessTests */,
			);
		};
/* End PBXProject section */

/* Begin PBXResourcesBuildPhase section */
		9E99DD1419DB36C000A40951 /* Resources */ = {
			isa = PBXResourcesBuildPhase;
			buildActionMask = 2147483647;
			files = (
				9E99DD3219DB36C000A40951 /* Images.xcassets in Resources */,
				9EE9A50419DDF96B002AD3CB /* Telefono.png in Resources */,
				9E99DD4F19DB374600A40951 /* Icondemo.png in Resources */,
				9E99DD2419DB36C000A40951 /* InfoPlist.strings in Resources */,
				9E99DD2D19DB36C000A40951 /* Main.storyboard in Resources */,
				9EE9A50219DDF910002AD3CB /* Facebook_logo_(square).png in Resources */,
			);
			runOnlyForDeploymentPostprocessing = 0;
		};
		9E99DD3519DB36C000A40951 /* Resources */ = {
			isa = PBXResourcesBuildPhase;
			buildActionMask = 2147483647;
			files = (
				9E99DD4319DB36C000A40951 /* InfoPlist.strings in Resources */,
			);
			runOnlyForDeploymentPostprocessing = 0;
		};
/* End PBXResourcesBuildPhase section */

/* Begin PBXSourcesBuildPhase section */
		9E99DD1219DB36C000A40951 /* Sources */ = {
			isa = PBXSourcesBuildPhase;
			buildActionMask = 2147483647;
			files = (
				9E99DD3019DB36C000A40951 /* ViewController.m in Sources */,
				9EE9A51D19E0384D002AD3CB /* SearchFacebook.m in Sources */,
				9EE9A50019DDEE04002AD3CB /* FriendsTab.m in Sources */,
				9EE9A50D19DE9A65002AD3CB /* SettingsTab.m in Sources */,
				9EE9A51A19E03305002AD3CB /* NavigationController.m in Sources */,
				9EE9A50A19DE9A4E002AD3CB /* MeTab.m in Sources */,
				9EE9A51719DF09EF002AD3CB /* ConfessView.m in Sources */,
				9E99DD2A19DB36C000A40951 /* AppDelegate.m in Sources */,
				9EE9A51119DEB14C002AD3CB /* TabController.m in Sources */,
				9E99DD2619DB36C000A40951 /* main.m in Sources */,
			);
			runOnlyForDeploymentPostprocessing = 0;
		};
		9E99DD3319DB36C000A40951 /* Sources */ = {
			isa = PBXSourcesBuildPhase;
			buildActionMask = 2147483647;
			files = (
				9E99DD4519DB36C000A40951 /* ConfessTests.m in Sources */,
			);
			runOnlyForDeploymentPostprocessing = 0;
		};
/* End PBXSourcesBuildPhase section */

/* Begin PBXTargetDependency section */
		9E99DD3D19DB36C000A40951 /* PBXTargetDependency */ = {
			isa = PBXTargetDependency;
			target = 9E99DD1519DB36C000A40951 /* Confess */;
			targetProxy = 9E99DD3C19DB36C000A40951 /* PBXContainerItemProxy */;
		};
/* End PBXTargetDependency section */

/* Begin PBXVariantGroup section */
		9E99DD2219DB36C000A40951 /* InfoPlist.strings */ = {
			isa = PBXVariantGroup;
			children = (
				9E99DD2319DB36C000A40951 /* en */,
			);
			name = InfoPlist.strings;
			sourceTree = "<group>";
		};
		9E99DD2B19DB36C000A40951 /* Main.storyboard */ = {
			isa = PBXVariantGroup;
			children = (
				9E99DD2C19DB36C000A40951 /* Base */,
			);
			name = Main.storyboard;
			sourceTree = "<group>";
		};
		9E99DD4119DB36C000A40951 /* InfoPlist.strings */ = {
			isa = PBXVariantGroup;
			children = (
				9E99DD4219DB36C000A40951 /* en */,
			);
			name = InfoPlist.strings;
			sourceTree = "<group>";
		};
/* End PBXVariantGroup section */

/* Begin XCBuildConfiguration section */
		9E99DD4619DB36C000A40951 /* Debug */ = {
			isa = XCBuildConfiguration;
			buildSettings = {
				ALWAYS_SEARCH_USER_PATHS = NO;
				CLANG_CXX_LANGUAGE_STANDARD = "gnu++0x";
				CLANG_CXX_LIBRARY = "libc++";
				CLANG_ENABLE_MODULES = YES;
				CLANG_ENABLE_OBJC_ARC = YES;
				CLANG_WARN_BOOL_CONVERSION = YES;
				CLANG_WARN_CONSTANT_CONVERSION = YES;
				CLANG_WARN_DIRECT_OBJC_ISA_USAGE = YES_ERROR;
				CLANG_WARN_EMPTY_BODY = YES;
				CLANG_WARN_ENUM_CONVERSION = YES;
				CLANG_WARN_INT_CONVERSION = YES;
				CLANG_WARN_OBJC_ROOT_CLASS = YES_ERROR;
				CLANG_WARN__DUPLICATE_METHOD_MATCH = YES;
				"CODE_SIGN_IDENTITY[sdk=iphoneos*]" = "iPhone Developer";
				COPY_PHASE_STRIP = NO;
				GCC_C_LANGUAGE_STANDARD = gnu99;
				GCC_DYNAMIC_NO_PIC = NO;
				GCC_OPTIMIZATION_LEVEL = 0;
				GCC_PREPROCESSOR_DEFINITIONS = (
					"DEBUG=1",
					"$(inherited)",
				);
				GCC_SYMBOLS_PRIVATE_EXTERN = NO;
				GCC_WARN_64_TO_32_BIT_CONVERSION = YES;
				GCC_WARN_ABOUT_RETURN_TYPE = YES_ERROR;
				GCC_WARN_UNDECLARED_SELECTOR = YES;
				GCC_WARN_UNINITIALIZED_AUTOS = YES_AGGRESSIVE;
				GCC_WARN_UNUSED_FUNCTION = YES;
				GCC_WARN_UNUSED_VARIABLE = YES;
				IPHONEOS_DEPLOYMENT_TARGET = 7.1;
				ONLY_ACTIVE_ARCH = YES;
				SDKROOT = iphoneos;
			};
			name = Debug;
		};
		9E99DD4719DB36C000A40951 /* Release */ = {
			isa = XCBuildConfiguration;
			buildSettings = {
				ALWAYS_SEARCH_USER_PATHS = NO;
				CLANG_CXX_LANGUAGE_STANDARD = "gnu++0x";
				CLANG_CXX_LIBRARY = "libc++";
				CLANG_ENABLE_MODULES = YES;
				CLANG_ENABLE_OBJC_ARC = YES;
				CLANG_WARN_BOOL_CONVERSION = YES;
				CLANG_WARN_CONSTANT_CONVERSION = YES;
				CLANG_WARN_DIRECT_OBJC_ISA_USAGE = YES_ERROR;
				CLANG_WARN_EMPTY_BODY = YES;
				CLANG_WARN_ENUM_CONVERSION = YES;
				CLANG_WARN_INT_CONVERSION = YES;
				CLANG_WARN_OBJC_ROOT_CLASS = YES_ERROR;
				CLANG_WARN__DUPLICATE_METHOD_MATCH = YES;
				"CODE_SIGN_IDENTITY[sdk=iphoneos*]" = "iPhone Developer";
				COPY_PHASE_STRIP = YES;
				ENABLE_NS_ASSERTIONS = NO;
				GCC_C_LANGUAGE_STANDARD = gnu99;
				GCC_WARN_64_TO_32_BIT_CONVERSION = YES;
				GCC_WARN_ABOUT_RETURN_TYPE = YES_ERROR;
				GCC_WARN_UNDECLARED_SELECTOR = YES;
				GCC_WARN_UNINITIALIZED_AUTOS = YES_AGGRESSIVE;
				GCC_WARN_UNUSED_FUNCTION = YES;
				GCC_WARN_UNUSED_VARIABLE = YES;
				IPHONEOS_DEPLOYMENT_TARGET = 7.1;
				SDKROOT = iphoneos;
				VALIDATE_PRODUCT = YES;
			};
			name = Release;
		};
		9E99DD4919DB36C000A40951 /* Debug */ = {
			isa = XCBuildConfiguration;
			buildSettings = {
				ASSETCATALOG_COMPILER_APPICON_NAME = AppIcon;
				ASSETCATALOG_COMPILER_LAUNCHIMAGE_NAME = LaunchImage;
				FRAMEWORK_SEARCH_PATHS = (
					"$(inherited)",
					"$(PROJECT_DIR)",
				);
				GCC_PRECOMPILE_PREFIX_HEADER = YES;
				GCC_PREFIX_HEADER = "Confess/Confess-Prefix.pch";
				INFOPLIST_FILE = "Confess/Confess-Info.plist";
				PRODUCT_NAME = "$(TARGET_NAME)";
				WRAPPER_EXTENSION = app;
			};
			name = Debug;
		};
		9E99DD4A19DB36C000A40951 /* Release */ = {
			isa = XCBuildConfiguration;
			buildSettings = {
				ASSETCATALOG_COMPILER_APPICON_NAME = AppIcon;
				ASSETCATALOG_COMPILER_LAUNCHIMAGE_NAME = LaunchImage;
				FRAMEWORK_SEARCH_PATHS = (
					"$(inherited)",
					"$(PROJECT_DIR)",
				);
				GCC_PRECOMPILE_PREFIX_HEADER = YES;
				GCC_PREFIX_HEADER = "Confess/Confess-Prefix.pch";
				INFOPLIST_FILE = "Confess/Confess-Info.plist";
				PRODUCT_NAME = "$(TARGET_NAME)";
				WRAPPER_EXTENSION = app;
			};
			name = Release;
		};
		9E99DD4C19DB36C000A40951 /* Debug */ = {
			isa = XCBuildConfiguration;
			buildSettings = {
				BUNDLE_LOADER = "$(BUILT_PRODUCTS_DIR)/Confess.app/Confess";
				FRAMEWORK_SEARCH_PATHS = (
					"$(SDKROOT)/Developer/Library/Frameworks",
					"$(inherited)",
					"$(DEVELOPER_FRAMEWORKS_DIR)",
				);
				GCC_PRECOMPILE_PREFIX_HEADER = YES;
				GCC_PREFIX_HEADER = "Confess/Confess-Prefix.pch";
				GCC_PREPROCESSOR_DEFINITIONS = (
					"DEBUG=1",
					"$(inherited)",
				);
				INFOPLIST_FILE = "ConfessTests/ConfessTests-Info.plist";
				PRODUCT_NAME = "$(TARGET_NAME)";
				TEST_HOST = "$(BUNDLE_LOADER)";
				WRAPPER_EXTENSION = xctest;
			};
			name = Debug;
		};
		9E99DD4D19DB36C000A40951 /* Release */ = {
			isa = XCBuildConfiguration;
			buildSettings = {
				BUNDLE_LOADER = "$(BUILT_PRODUCTS_DIR)/Confess.app/Confess";
				FRAMEWORK_SEARCH_PATHS = (
					"$(SDKROOT)/Developer/Library/Frameworks",
					"$(inherited)",
					"$(DEVELOPER_FRAMEWORKS_DIR)",
				);
				GCC_PRECOMPILE_PREFIX_HEADER = YES;
				GCC_PREFIX_HEADER = "Confess/Confess-Prefix.pch";
				INFOPLIST_FILE = "ConfessTests/ConfessTests-Info.plist";
				PRODUCT_NAME = "$(TARGET_NAME)";
				TEST_HOST = "$(BUNDLE_LOADER)";
				WRAPPER_EXTENSION = xctest;
			};
			name = Release;
		};
/* End XCBuildConfiguration section */

/* Begin XCConfigurationList section */
		9E99DD1119DB36C000A40951 /* Build configuration list for PBXProject "Confess" */ = {
			isa = XCConfigurationList;
			buildConfigurations = (
				9E99DD4619DB36C000A40951 /* Debug */,
				9E99DD4719DB36C000A40951 /* Release */,
			);
			defaultConfigurationIsVisible = 0;
			defaultConfigurationName = Release;
		};
		9E99DD4819DB36C000A40951 /* Build configuration list for PBXNativeTarget "Confess" */ = {
			isa = XCConfigurationList;
			buildConfigurations = (
				9E99DD4919DB36C000A40951 /* Debug */,
				9E99DD4A19DB36C000A40951 /* Release */,
			);
			defaultConfigurationIsVisible = 0;
			defaultConfigurationName = Release;
		};
		9E99DD4B19DB36C000A40951 /* Build configuration list for PBXNativeTarget "ConfessTests" */ = {
			isa = XCConfigurationList;
			buildConfigurations = (
				9E99DD4C19DB36C000A40951 /* Debug */,
				9E99DD4D19DB36C000A40951 /* Release */,
			);
			defaultConfigurationIsVisible = 0;
			defaultConfigurationName = Release;
		};
/* End XCConfigurationList section */
	};
	rootObject = 9E99DD0E19DB36C000A40951 /* Project object */;
}
